
Microsoft Visual Studio Solution File, Format Version 12.00
# Visual Studio Version 16
VisualStudioVersion = 16.0.30114.105
MinimumVisualStudioVersion = 10.0.40219.1
Project("{9A19103F-16F7-4668-BE54-9A1E7A4F7556}") = "API", "API\API.csproj", "{FD53885D-2207-4010-B400-CB5E566B53B5}"
EndProject
Project("{FAE04EC0-301F-11D3-BF4B-00C04F79EFBC}") = "Core", "Core\Core.csproj", "{46803F22-738B-47BE-8024-C257992AF9CB}"
EndProject
Project("{FAE04EC0-301F-11D3-BF4B-00C04F79EFBC}") = "Infrastructure", "Infrastructure\Infrastructure.csproj", "{12DC6E6B-8A26-4E86-A8BC-D6194CEFA712}"
EndProject
Global
	GlobalSection(SolutionConfigurationPlatforms) = preSolution
		Debug|Any CPU = Debug|Any CPU
		Release|Any CPU = Release|Any CPU
	EndGlobalSection
	GlobalSection(ProjectConfigurationPlatforms) = postSolution
		{FD53885D-2207-4010-B400-CB5E566B53B5}.Debug|Any CPU.ActiveCfg = Debug|Any CPU
		{FD53885D-2207-4010-B400-CB5E566B53B5}.Debug|Any CPU.Build.0 = Debug|Any CPU
		{FD53885D-2207-4010-B400-CB5E566B53B5}.Release|Any CPU.ActiveCfg = Release|Any CPU
		{FD53885D-2207-4010-B400-CB5E566B53B5}.Release|Any CPU.Build.0 = Release|Any CPU
		{46803F22-738B-47BE-8024-C257992AF9CB}.Debug|Any CPU.ActiveCfg = Debug|Any CPU
		{46803F22-738B-47BE-8024-C257992AF9CB}.Debug|Any CPU.Build.0 = Debug|Any CPU
		{46803F22-738B-47BE-8024-C257992AF9CB}.Release|Any CPU.ActiveCfg = Release|Any CPU
		{46803F22-738B-47BE-8024-C257992AF9CB}.Release|Any CPU.Build.0 = Release|Any CPU
		{12DC6E6B-8A26-4E86-A8BC-D6194CEFA712}.Debug|Any CPU.ActiveCfg = Debug|Any CPU
		{12DC6E6B-8A26-4E86-A8BC-D6194CEFA712}.Debug|Any CPU.Build.0 = Debug|Any CPU
		{12DC6E6B-8A26-4E86-A8BC-D6194CEFA712}.Release|Any CPU.ActiveCfg = Release|Any CPU
		{12DC6E6B-8A26-4E86-A8BC-D6194CEFA712}.Release|Any CPU.Build.0 = Release|Any CPU
	EndGlobalSection
	GlobalSection(SolutionProperties) = preSolution
		HideSolutionNode = FALSE
	EndGlobalSection
	GlobalSection(ExtensibilityGlobals) = postSolution
		SolutionGuid = {DCC9F4B5-227B-4889-9456-35CB83C253CF}
	EndGlobalSection
EndGlobal
